
Microsoft Visual Studio Solution File, Format Version 12.00
# Visual Studio 2013
VisualStudioVersion = 12.0.21005.1
MinimumVisualStudioVersion = 10.0.40219.1
Project("{FAE04EC0-301F-11D3-BF4B-00C04F79EFBC}") = "USB-Drive-Letter-Utility", "USB-Drive-Letter-Utility\USB-Drive-Letter-Utility.csproj", "{2925991F-DCBA-477A-B27B-B7EBB29881B4}"
EndProject
Global
	GlobalSection(TeamFoundationVersionControl) = preSolution
		SccNumberOfProjects = 2
		SccEnterpriseProvider = {4CA58AB2-18FA-4F8D-95D4-32DDF27D184C}
		SccTeamFoundationServer = https://arkadyrabinovich.visualstudio.com/
		SccLocalPath0 = .
		SccProjectUniqueName1 = USB-Drive-Letter-Utility\\USB-Drive-Letter-Utility.csproj
		SccProjectName1 = USB-Drive-Letter-Utility
		SccLocalPath1 = USB-Drive-Letter-Utility
	EndGlobalSection
	GlobalSection(SolutionConfigurationPlatforms) = preSolution
		Debug|Any CPU = Debug|Any CPU
		Release|Any CPU = Release|Any CPU
	EndGlobalSection
	GlobalSection(ProjectConfigurationPlatforms) = postSolution
		{2925991F-DCBA-477A-B27B-B7EBB29881B4}.Debug|Any CPU.ActiveCfg = Debug|Any CPU
		{2925991F-DCBA-477A-B27B-B7EBB29881B4}.Debug|Any CPU.Build.0 = Debug|Any CPU
		{2925991F-DCBA-477A-B27B-B7EBB29881B4}.Release|Any CPU.ActiveCfg = Release|Any CPU
		{2925991F-DCBA-477A-B27B-B7EBB29881B4}.Release|Any CPU.Build.0 = Release|Any CPU
	EndGlobalSection
	GlobalSection(SolutionProperties) = preSolution
		HideSolutionNode = FALSE
	EndGlobalSection
EndGlobal
